
Microsoft Visual Studio Solution File, Format Version 12.00
# Visual Studio Version 17
VisualStudioVersion = 17.8.34511.84
MinimumVisualStudioVersion = 10.0.40219.1
Project("{FAE04EC0-301F-11D3-BF4B-00C04F79EFBC}") = "Beecrowd_1005_Average_Results", "Beecrowd_1005_Average_Results.csproj", "{253B2544-7A13-44E3-8D8C-53B19A5BF5BA}"
EndProject
Global
	GlobalSection(SolutionConfigurationPlatforms) = preSolution
		Debug|Any CPU = Debug|Any CPU
		Release|Any CPU = Release|Any CPU
	EndGlobalSection
	GlobalSection(ProjectConfigurationPlatforms) = postSolution
		{253B2544-7A13-44E3-8D8C-53B19A5BF5BA}.Debug|Any CPU.ActiveCfg = Debug|Any CPU
		{253B2544-7A13-44E3-8D8C-53B19A5BF5BA}.Debug|Any CPU.Build.0 = Debug|Any CPU
		{253B2544-7A13-44E3-8D8C-53B19A5BF5BA}.Release|Any CPU.ActiveCfg = Release|Any CPU
		{253B2544-7A13-44E3-8D8C-53B19A5BF5BA}.Release|Any CPU.Build.0 = Release|Any CPU
	EndGlobalSection
	GlobalSection(SolutionProperties) = preSolution
		HideSolutionNode = FALSE
	EndGlobalSection
	GlobalSection(ExtensibilityGlobals) = postSolution
		SolutionGuid = {9635DBD0-A518-4089-B65F-C660422969EF}
	EndGlobalSection
EndGlobal
